
Microsoft Visual Studio Solution File, Format Version 12.00
# Visual Studio 15
VisualStudioVersion = 15.0.27428.2002
MinimumVisualStudioVersion = 10.0.40219.1
Project("{FAE04EC0-301F-11D3-BF4B-00C04F79EFBC}") = "Samochody", "Samochody\Samochody.csproj", "{FF81FBEF-D39E-4335-8495-724C196D8791}"
EndProject
Global
	GlobalSection(SolutionConfigurationPlatforms) = preSolution
		Debug|Any CPU = Debug|Any CPU
		Release|Any CPU = Release|Any CPU
	EndGlobalSection
	GlobalSection(ProjectConfigurationPlatforms) = postSolution
		{FF81FBEF-D39E-4335-8495-724C196D8791}.Debug|Any CPU.ActiveCfg = Debug|Any CPU
		{FF81FBEF-D39E-4335-8495-724C196D8791}.Debug|Any CPU.Build.0 = Debug|Any CPU
		{FF81FBEF-D39E-4335-8495-724C196D8791}.Release|Any CPU.ActiveCfg = Release|Any CPU
		{FF81FBEF-D39E-4335-8495-724C196D8791}.Release|Any CPU.Build.0 = Release|Any CPU
	EndGlobalSection
	GlobalSection(SolutionProperties) = preSolution
		HideSolutionNode = FALSE
	EndGlobalSection
	GlobalSection(ExtensibilityGlobals) = postSolution
		SolutionGuid = {B17FD95B-96DC-4BF5-A6CB-0860EFF6BB15}
	EndGlobalSection
EndGlobal
